
Microsoft Visual Studio Solution File, Format Version 12.00
# Visual Studio 15
VisualStudioVersion = 15.0.27004.2005
MinimumVisualStudioVersion = 10.0.40219.1
Project("{FAE04EC0-301F-11D3-BF4B-00C04F79EFBC}") = "OodleSharp", "OodleSharp\OodleSharp.csproj", "{38918299-B8E1-4F96-88F1-DB89A9C3BE5A}"
EndProject
Global
	GlobalSection(SolutionConfigurationPlatforms) = preSolution
		Debug|Any CPU = Debug|Any CPU
		Release|Any CPU = Release|Any CPU
	EndGlobalSection
	GlobalSection(ProjectConfigurationPlatforms) = postSolution
		{38918299-B8E1-4F96-88F1-DB89A9C3BE5A}.Debug|Any CPU.ActiveCfg = Debug|Any CPU
		{38918299-B8E1-4F96-88F1-DB89A9C3BE5A}.Debug|Any CPU.Build.0 = Debug|Any CPU
		{38918299-B8E1-4F96-88F1-DB89A9C3BE5A}.Release|Any CPU.ActiveCfg = Release|Any CPU
		{38918299-B8E1-4F96-88F1-DB89A9C3BE5A}.Release|Any CPU.Build.0 = Release|Any CPU
	EndGlobalSection
	GlobalSection(SolutionProperties) = preSolution
		HideSolutionNode = FALSE
	EndGlobalSection
	GlobalSection(ExtensibilityGlobals) = postSolution
		SolutionGuid = {2123FFE6-93C0-45E4-A2AC-2B70BB27D4C2}
	EndGlobalSection
EndGlobal
